
Microsoft Visual Studio Solution File, Format Version 12.00
# Visual Studio Version 17
VisualStudioVersion = 17.13.35913.81 d17.13
MinimumVisualStudioVersion = 10.0.40219.1
Project("{FAE04EC0-301F-11D3-BF4B-00C04F79EFBC}") = "EventDrivenApp", "EventDrivenApp\EventDrivenApp.csproj", "{F29A35D7-017A-4924-9B1A-12ADE39A39E9}"
EndProject
Global
	GlobalSection(SolutionConfigurationPlatforms) = preSolution
		Debug|Any CPU = Debug|Any CPU
		Release|Any CPU = Release|Any CPU
	EndGlobalSection
	GlobalSection(ProjectConfigurationPlatforms) = postSolution
		{F29A35D7-017A-4924-9B1A-12ADE39A39E9}.Debug|Any CPU.ActiveCfg = Debug|Any CPU
		{F29A35D7-017A-4924-9B1A-12ADE39A39E9}.Debug|Any CPU.Build.0 = Debug|Any CPU
		{F29A35D7-017A-4924-9B1A-12ADE39A39E9}.Release|Any CPU.ActiveCfg = Release|Any CPU
		{F29A35D7-017A-4924-9B1A-12ADE39A39E9}.Release|Any CPU.Build.0 = Release|Any CPU
	EndGlobalSection
	GlobalSection(SolutionProperties) = preSolution
		HideSolutionNode = FALSE
	EndGlobalSection
	GlobalSection(ExtensibilityGlobals) = postSolution
		SolutionGuid = {64E33BB6-B96E-441C-B33B-9B84AA205037}
	EndGlobalSection
EndGlobal
